# THIS IS AN AUTOGENERATED FILE. DO NOT EDIT THIS FILE DIRECTLY.
# yarn lockfile v1


"@types/node@*":
  version "14.11.1"
  resolved "https://registry.yarnpkg.com/@types/node/-/node-14.11.1.tgz#56af902ad157e763f9ba63d671c39cda3193c835"
  integrity sha512-oTQgnd0hblfLsJ6BvJzzSL+Inogp3lq9fGgqRkMB/ziKMgEUaFl801OncOzUmalfzt14N0oPHMK47ipl+wbTIw==

"@types/node@^20.8.2":
  version "20.9.0"
  resolved "https://registry.yarnpkg.com/@types/node/-/node-20.9.0.tgz#bfcdc230583aeb891cf51e73cfdaacdd8deae298"
  integrity sha512-nekiGu2NDb1BcVofVcEKMIwzlx4NjHlcjhoxxKBNLtz15Y1z7MYf549DFvkHSId02Ax6kGwWntIBPC3l/JZcmw==
  dependencies:
    undici-types "~5.26.4"

"@types/stack-trace@^0.0.33":
  version "0.0.33"
  resolved "https://registry.yarnpkg.com/@types/stack-trace/-/stack-trace-0.0.33.tgz#979a3fde9e721e78603b781e468ef30f0df0f049"
  integrity sha512-O7in6531Bbvlb2KEsJ0dq0CHZvc3iWSR5ZYMtvGgnHA56VgriAN/AU2LorfmcvAl2xc9N5fbCTRyMRRl8nd74g==

"@types/syslog-client@^1.1.5":
  version "1.1.5"
  resolved "https://registry.yarnpkg.com/@types/syslog-client/-/syslog-client-1.1.5.tgz#e1931bda7ae2446e062968d79c7380a8c0757877"
  integrity sha512-IVwdFzVG2g+83WJb6ZH6UkwrUkBGjo7yZS8X1sHk2yN+A/VKTvw3pvvQI2MNGK+cWg8AziB+If8w/Czw7sVy1Q==
  dependencies:
    "@types/node" "*"

stack-trace@^0.0.10:
  version "0.0.10"
  resolved "https://registry.yarnpkg.com/stack-trace/-/stack-trace-0.0.10.tgz#547c70b347e8d32b4e108ea1a2a159e5fdde19c0"
  integrity sha1-VHxws0fo0ytOEI6hoqFZ5f3eGcA=

syslog-client@1.1.1:
  version "1.1.1"
  resolved "https://registry.yarnpkg.com/syslog-client/-/syslog-client-1.1.1.tgz#bdb28de3b5b7eb28a11352ec3eb78e55aed2ab6b"
  integrity sha1-vbKN47W36yihE1LsPreOVa7Sq2s=

tslib@^2.6.2:
  version "2.6.2"
  resolved "https://registry.yarnpkg.com/tslib/-/tslib-2.6.2.tgz#703ac29425e7b37cd6fd456e92404d46d1f3e4ae"
  integrity sha512-AEYxH93jGFPn/a2iVAwW87VuUIkR1FVUKB77NwMF7nBTDkDrrT/Hpt/IrCJ0QXhW27jTBDcf5ZY7w6RiqTMw2Q==

undici-types@~5.26.4:
  version "5.26.5"
  resolved "https://registry.yarnpkg.com/undici-types/-/undici-types-5.26.5.tgz#bcd539893d00b56e964fd2657a4866b221a65617"
  integrity sha512-JlCMO+ehdEIKqlFxk6IfVoAUVmgz7cU7zD/h9XZ0qzeosSHmUJVOzSQvvYSYWXkFXC+IfLKSIffhv0sVZup6pA==
